
Microsoft Visual Studio Solution File, Format Version 12.00
Project("{FAE04EC0-301F-11D3-BF4B-00C04F79EFBC}") = "PocKube.API", "PocKube.API\PocKube.API.csproj", "{9F0F02A7-9D89-4EDD-96A2-2B8B208EFAC4}"
EndProject
Project("{FAE04EC0-301F-11D3-BF4B-00C04F79EFBC}") = "PocKube.Test", "PocKube.Test\PocKube.Test.csproj", "{CEA05492-9A22-49FD-AE07-19592CA0C0AE}"
EndProject
Global
	GlobalSection(SolutionConfigurationPlatforms) = preSolution
		Debug|Any CPU = Debug|Any CPU
		Release|Any CPU = Release|Any CPU
	EndGlobalSection
	GlobalSection(ProjectConfigurationPlatforms) = postSolution
		{9F0F02A7-9D89-4EDD-96A2-2B8B208EFAC4}.Debug|Any CPU.ActiveCfg = Debug|Any CPU
		{9F0F02A7-9D89-4EDD-96A2-2B8B208EFAC4}.Debug|Any CPU.Build.0 = Debug|Any CPU
		{9F0F02A7-9D89-4EDD-96A2-2B8B208EFAC4}.Release|Any CPU.ActiveCfg = Release|Any CPU
		{9F0F02A7-9D89-4EDD-96A2-2B8B208EFAC4}.Release|Any CPU.Build.0 = Release|Any CPU
		{CEA05492-9A22-49FD-AE07-19592CA0C0AE}.Debug|Any CPU.ActiveCfg = Debug|Any CPU
		{CEA05492-9A22-49FD-AE07-19592CA0C0AE}.Debug|Any CPU.Build.0 = Debug|Any CPU
		{CEA05492-9A22-49FD-AE07-19592CA0C0AE}.Release|Any CPU.ActiveCfg = Release|Any CPU
		{CEA05492-9A22-49FD-AE07-19592CA0C0AE}.Release|Any CPU.Build.0 = Release|Any CPU
	EndGlobalSection
EndGlobal
